
Microsoft Visual Studio Solution File, Format Version 12.00
# Visual Studio 14
VisualStudioVersion = 14.0.23107.0
MinimumVisualStudioVersion = 10.0.40219.1
Project("{FAE04EC0-301F-11D3-BF4B-00C04F79EFBC}") = "LabModulo03WebApi", "LabModulo03WebApi\LabModulo03WebApi.csproj", "{7A1DE4E2-E054-4D5A-AD4D-221D975F44FE}"
EndProject
Global
	GlobalSection(SolutionConfigurationPlatforms) = preSolution
		Debug|Any CPU = Debug|Any CPU
		Release|Any CPU = Release|Any CPU
	EndGlobalSection
	GlobalSection(ProjectConfigurationPlatforms) = postSolution
		{7A1DE4E2-E054-4D5A-AD4D-221D975F44FE}.Debug|Any CPU.ActiveCfg = Debug|Any CPU
		{7A1DE4E2-E054-4D5A-AD4D-221D975F44FE}.Debug|Any CPU.Build.0 = Debug|Any CPU
		{7A1DE4E2-E054-4D5A-AD4D-221D975F44FE}.Release|Any CPU.ActiveCfg = Release|Any CPU
		{7A1DE4E2-E054-4D5A-AD4D-221D975F44FE}.Release|Any CPU.Build.0 = Release|Any CPU
	EndGlobalSection
	GlobalSection(SolutionProperties) = preSolution
		HideSolutionNode = FALSE
	EndGlobalSection
EndGlobal
